{
  "requires": true,
  "lockfileVersion": 1,
  "dependencies": {
    "node": {
      "version": "15.14.0",
      "resolved": "https://registry.npmjs.org/node/-/node-15.14.0.tgz",
      "integrity": "sha512-svKWxg++g9+ddISNEdh/Mw1XXEnhMkgL4vgsztO3+QtneathEVYAFUPzXvW/d37vk+mZSdcoIsLgMLAOaO+Vvg==",
      "requires": {
        "node-bin-setup": "^1.0.0"
      }
    },
    "node-bin-setup": {
      "version": "1.0.6",
      "resolved": "https://registry.npmjs.org/node-bin-setup/-/node-bin-setup-1.0.6.tgz",
      "integrity": "sha512-uPIxXNis1CRbv1DwqAxkgBk5NFV3s7cMN/Gf556jSw6jBvV7ca4F9lRL/8cALcZecRibeqU+5dFYqFFmzv5a0Q=="
    }
  }
}
